// !$*UTF8*$!
{
	archiveVersion = 1;
	classes = {
	};
	objectVersion = 56;
	objects = {

/* Begin PBXBuildFile section */
		3C1F861E2B907CC500B7C9B4 /* SearchViewModel.swift in Sources */ = {isa = PBXBuildFile; fileRef = 3C1F861D2B907CC500B7C9B4 /* SearchViewModel.swift */; };
		3C1F86222B907D0900B7C9B4 /* NetworkManager.swift in Sources */ = {isa = PBXBuildFile; fileRef = 3C1F86212B907D0900B7C9B4 /* NetworkManager.swift */; };
		3C1F86252B907D7B00B7C9B4 /* Country.swift in Sources */ = {isa = PBXBuildFile; fileRef = 3C1F86242B907D7B00B7C9B4 /* Country.swift */; };
		3C1F862D2B9082CC00B7C9B4 /* Car.swift in Sources */ = {isa = PBXBuildFile; fileRef = 3C1F862C2B9082CC00B7C9B4 /* Car.swift */; };
		3C1F86312B9083C000B7C9B4 /* Flag.swift in Sources */ = {isa = PBXBuildFile; fileRef = 3C1F86302B9083C000B7C9B4 /* Flag.swift */; };
		3C1F86332B9084FA00B7C9B4 /* CountryName.swift in Sources */ = {isa = PBXBuildFile; fileRef = 3C1F86322B9084FA00B7C9B4 /* CountryName.swift */; };
		3C1F86362B90B09200B7C9B4 /* ContextManager.swift in Sources */ = {isa = PBXBuildFile; fileRef = 3C1F86352B90B09200B7C9B4 /* ContextManager.swift */; };
		3C2437B02B95E67C006BAA06 /* Currency.swift in Sources */ = {isa = PBXBuildFile; fileRef = 3C2437AF2B95E67C006BAA06 /* Currency.swift */; };
		3C2437B82B963C7B006BAA06 /* DetailView.swift in Sources */ = {isa = PBXBuildFile; fileRef = 3C2437B72B963C7B006BAA06 /* DetailView.swift */; };
		3C2437BA2B963C92006BAA06 /* DetailViewModel.swift in Sources */ = {isa = PBXBuildFile; fileRef = 3C2437B92B963C92006BAA06 /* DetailViewModel.swift */; };
		3C2437BF2B978BF7006BAA06 /* Coordinate.swift in Sources */ = {isa = PBXBuildFile; fileRef = 3C2437BE2B978BF7006BAA06 /* Coordinate.swift */; };
		3C47F5222B9077720094D308 /* CountriesApp.swift in Sources */ = {isa = PBXBuildFile; fileRef = 3C47F5212B9077720094D308 /* CountriesApp.swift */; };
		3C47F5242B9077720094D308 /* SearchView.swift in Sources */ = {isa = PBXBuildFile; fileRef = 3C47F5232B9077720094D308 /* SearchView.swift */; };
		3C47F5262B9077730094D308 /* Assets.xcassets in Resources */ = {isa = PBXBuildFile; fileRef = 3C47F5252B9077730094D308 /* Assets.xcassets */; };
		3C47F5292B9077730094D308 /* Preview Assets.xcassets in Resources */ = {isa = PBXBuildFile; fileRef = 3C47F5282B9077730094D308 /* Preview Assets.xcassets */; };
		3C9A41262B98E2F1007279B3 /* EntryView.swift in Sources */ = {isa = PBXBuildFile; fileRef = 3C9A41252B98E2F1007279B3 /* EntryView.swift */; };
		3C9A412B2B98E3B0007279B3 /* GlobeView.swift in Sources */ = {isa = PBXBuildFile; fileRef = 3C9A412A2B98E3B0007279B3 /* GlobeView.swift */; };
		3C9A412D2B98E3C0007279B3 /* GlobeViewModel.swift in Sources */ = {isa = PBXBuildFile; fileRef = 3C9A412C2B98E3C0007279B3 /* GlobeViewModel.swift */; };
		3C9A41302B99BF1C007279B3 /* LocationManager.swift in Sources */ = {isa = PBXBuildFile; fileRef = 3C9A412F2B99BF1C007279B3 /* LocationManager.swift */; };
		3C9A41322B99C4AA007279B3 /* Location.swift in Sources */ = {isa = PBXBuildFile; fileRef = 3C9A41312B99C4AA007279B3 /* Location.swift */; };
		3C9A41352B9B241B007279B3 /* CLLocationCoordinate2DCodable.swift in Sources */ = {isa = PBXBuildFile; fileRef = 3C9A41342B9B241B007279B3 /* CLLocationCoordinate2DCodable.swift */; };
/* End PBXBuildFile section */

/* Begin PBXFileReference section */
		3C1F861D2B907CC500B7C9B4 /* SearchViewModel.swift */ = {isa = PBXFileReference; lastKnownFileType = sourcecode.swift; path = SearchViewModel.swift; sourceTree = "<group>"; };
		3C1F86212B907D0900B7C9B4 /* NetworkManager.swift */ = {isa = PBXFileReference; lastKnownFileType = sourcecode.swift; path = NetworkManager.swift; sourceTree = "<group>"; };
		3C1F86242B907D7B00B7C9B4 /* Country.swift */ = {isa = PBXFileReference; lastKnownFileType = sourcecode.swift; path = Country.swift; sourceTree = "<group>"; };
		3C1F862C2B9082CC00B7C9B4 /* Car.swift */ = {isa = PBXFileReference; lastKnownFileType = sourcecode.swift; path = Car.swift; sourceTree = "<group>"; };
		3C1F86302B9083C000B7C9B4 /* Flag.swift */ = {isa = PBXFileReference; lastKnownFileType = sourcecode.swift; path = Flag.swift; sourceTree = "<group>"; };
		3C1F86322B9084FA00B7C9B4 /* CountryName.swift */ = {isa = PBXFileReference; lastKnownFileType = sourcecode.swift; path = CountryName.swift; sourceTree = "<group>"; };
		3C1F86352B90B09200B7C9B4 /* ContextManager.swift */ = {isa = PBXFileReference; lastKnownFileType = sourcecode.swift; path = ContextManager.swift; sourceTree = "<group>"; };
		3C2437AF2B95E67C006BAA06 /* Currency.swift */ = {isa = PBXFileReference; lastKnownFileType = sourcecode.swift; path = Currency.swift; sourceTree = "<group>"; };
		3C2437B72B963C7B006BAA06 /* DetailView.swift */ = {isa = PBXFileReference; lastKnownFileType = sourcecode.swift; path = DetailView.swift; sourceTree = "<group>"; };
		3C2437B92B963C92006BAA06 /* DetailViewModel.swift */ = {isa = PBXFileReference; lastKnownFileType = sourcecode.swift; path = DetailViewModel.swift; sourceTree = "<group>"; };
		3C2437BE2B978BF7006BAA06 /* Coordinate.swift */ = {isa = PBXFileReference; lastKnownFileType = sourcecode.swift; path = Coordinate.swift; sourceTree = "<group>"; };
		3C47F51E2B9077720094D308 /* Countries.app */ = {isa = PBXFileReference; explicitFileType = wrapper.application; includeInIndex = 0; path = Countries.app; sourceTree = BUILT_PRODUCTS_DIR; };
		3C47F5212B9077720094D308 /* CountriesApp.swift */ = {isa = PBXFileReference; lastKnownFileType = sourcecode.swift; path = CountriesApp.swift; sourceTree = "<group>"; };
		3C47F5232B9077720094D308 /* SearchView.swift */ = {isa = PBXFileReference; lastKnownFileType = sourcecode.swift; path = SearchView.swift; sourceTree = "<group>"; };
		3C47F5252B9077730094D308 /* Assets.xcassets */ = {isa = PBXFileReference; lastKnownFileType = folder.assetcatalog; path = Assets.xcassets; sourceTree = "<group>"; };
		3C47F5282B9077730094D308 /* Preview Assets.xcassets */ = {isa = PBXFileReference; lastKnownFileType = folder.assetcatalog; path = "Preview Assets.xcassets"; sourceTree = "<group>"; };
		3C9A41252B98E2F1007279B3 /* EntryView.swift */ = {isa = PBXFileReference; lastKnownFileType = sourcecode.swift; path = EntryView.swift; sourceTree = "<group>"; };
		3C9A412A2B98E3B0007279B3 /* GlobeView.swift */ = {isa = PBXFileReference; lastKnownFileType = sourcecode.swift; path = GlobeView.swift; sourceTree = "<group>"; };
		3C9A412C2B98E3C0007279B3 /* GlobeViewModel.swift */ = {isa = PBXFileReference; lastKnownFileType = sourcecode.swift; path = GlobeViewModel.swift; sourceTree = "<group>"; };
		3C9A412F2B99BF1C007279B3 /* LocationManager.swift */ = {isa = PBXFileReference; lastKnownFileType = sourcecode.swift; path = LocationManager.swift; sourceTree = "<group>"; };
		3C9A41312B99C4AA007279B3 /* Location.swift */ = {isa = PBXFileReference; lastKnownFileType = sourcecode.swift; path = Location.swift; sourceTree = "<group>"; };
		3C9A41342B9B241B007279B3 /* CLLocationCoordinate2DCodable.swift */ = {isa = PBXFileReference; lastKnownFileType = sourcecode.swift; path = CLLocationCoordinate2DCodable.swift; sourceTree = "<group>"; };
/* End PBXFileReference section */

/* Begin PBXFrameworksBuildPhase section */
		3C47F51B2B9077720094D308 /* Frameworks */ = {
			isa = PBXFrameworksBuildPhase;
			buildActionMask = 2147483647;
			files = (
			);
			runOnlyForDeploymentPostprocessing = 0;
		};
/* End PBXFrameworksBuildPhase section */

/* Begin PBXGroup section */
		3C1F86172B907C1F00B7C9B4 /* Application */ = {
			isa = PBXGroup;
			children = (
				3C47F5212B9077720094D308 /* CountriesApp.swift */,
			);
			path = Application;
			sourceTree = "<group>";
		};
		3C1F86182B907C3500B7C9B4 /* Resounces */ = {
			isa = PBXGroup;
			children = (
				3C47F5252B9077730094D308 /* Assets.xcassets */,
			);
			path = Resounces;
			sourceTree = "<group>";
		};
		3C1F86192B907C5000B7C9B4 /* Scenes */ = {
			isa = PBXGroup;
			children = (
				3C9A41232B98E2B8007279B3 /* Entry */,
				3C9A41272B98E37E007279B3 /* Globe */,
				3C1F861A2B907C7700B7C9B4 /* Search */,
				3C2437B42B963C11006BAA06 /* Detail */,
			);
			path = Scenes;
			sourceTree = "<group>";
		};
		3C1F861A2B907C7700B7C9B4 /* Search */ = {
			isa = PBXGroup;
			children = (
				3C1F861C2B907CB000B7C9B4 /* viewModel */,
				3C1F861B2B907CA300B7C9B4 /* view */,
			);
			path = Search;
			sourceTree = "<group>";
		};
		3C1F861B2B907CA300B7C9B4 /* view */ = {
			isa = PBXGroup;
			children = (
				3C47F5232B9077720094D308 /* SearchView.swift */,
			);
			path = view;
			sourceTree = "<group>";
		};
		3C1F861C2B907CB000B7C9B4 /* viewModel */ = {
			isa = PBXGroup;
			children = (
				3C1F861D2B907CC500B7C9B4 /* SearchViewModel.swift */,
			);
			path = viewModel;
			sourceTree = "<group>";
		};
		3C1F861F2B907CDB00B7C9B4 /* Network */ = {
			isa = PBXGroup;
			children = (
				3C1F86212B907D0900B7C9B4 /* NetworkManager.swift */,
			);
			path = Network;
			sourceTree = "<group>";
		};
		3C1F86202B907CEF00B7C9B4 /* Managers */ = {
			isa = PBXGroup;
			children = (
				3C9A412E2B99BF04007279B3 /* LocationManager */,
				3C1F86342B90B07700B7C9B4 /* ContextManager */,
				3C1F861F2B907CDB00B7C9B4 /* Network */,
			);
			path = Managers;
			sourceTree = "<group>";
		};
		3C1F86232B907D6400B7C9B4 /* Models */ = {
			isa = PBXGroup;
			children = (
				3C1F86242B907D7B00B7C9B4 /* Country.swift */,
				3C2437AF2B95E67C006BAA06 /* Currency.swift */,
				3C1F86322B9084FA00B7C9B4 /* CountryName.swift */,
				3C1F862C2B9082CC00B7C9B4 /* Car.swift */,
				3C1F86302B9083C000B7C9B4 /* Flag.swift */,
				3C2437BE2B978BF7006BAA06 /* Coordinate.swift */,
				3C9A41312B99C4AA007279B3 /* Location.swift */,
			);
			path = Models;
			sourceTree = "<group>";
		};
		3C1F86342B90B07700B7C9B4 /* ContextManager */ = {
			isa = PBXGroup;
			children = (
				3C1F86352B90B09200B7C9B4 /* ContextManager.swift */,
			);
			path = ContextManager;
			sourceTree = "<group>";
		};
		3C2437B42B963C11006BAA06 /* Detail */ = {
			isa = PBXGroup;
			children = (
				3C2437B52B963C5A006BAA06 /* viewModel */,
				3C2437B62B963C65006BAA06 /* view */,
			);
			path = Detail;
			sourceTree = "<group>";
		};
		3C2437B52B963C5A006BAA06 /* viewModel */ = {
			isa = PBXGroup;
			children = (
				3C2437B92B963C92006BAA06 /* DetailViewModel.swift */,
			);
			path = viewModel;
			sourceTree = "<group>";
		};
		3C2437B62B963C65006BAA06 /* view */ = {
			isa = PBXGroup;
			children = (
				3C2437B72B963C7B006BAA06 /* DetailView.swift */,
			);
			path = view;
			sourceTree = "<group>";
		};
		3C47F5152B9077720094D308 = {
			isa = PBXGroup;
			children = (
				3C47F5202B9077720094D308 /* Countries */,
				3C47F51F2B9077720094D308 /* Products */,
			);
			sourceTree = "<group>";
		};
		3C47F51F2B9077720094D308 /* Products */ = {
			isa = PBXGroup;
			children = (
				3C47F51E2B9077720094D308 /* Countries.app */,
			);
			name = Products;
			sourceTree = "<group>";
		};
		3C47F5202B9077720094D308 /* Countries */ = {
			isa = PBXGroup;
			children = (
				3C9A41332B9B23EF007279B3 /* Extensions */,
				3C1F86232B907D6400B7C9B4 /* Models */,
				3C1F86202B907CEF00B7C9B4 /* Managers */,
				3C1F86192B907C5000B7C9B4 /* Scenes */,
				3C1F86182B907C3500B7C9B4 /* Resounces */,
				3C1F86172B907C1F00B7C9B4 /* Application */,
				3C47F5272B9077730094D308 /* Preview Content */,
			);
			path = Countries;
			sourceTree = "<group>";
		};
		3C47F5272B9077730094D308 /* Preview Content */ = {
			isa = PBXGroup;
			children = (
				3C47F5282B9077730094D308 /* Preview Assets.xcassets */,
			);
			path = "Preview Content";
			sourceTree = "<group>";
		};
		3C9A41232B98E2B8007279B3 /* Entry */ = {
			isa = PBXGroup;
			children = (
				3C9A41242B98E2C3007279B3 /* view */,
			);
			path = Entry;
			sourceTree = "<group>";
		};
		3C9A41242B98E2C3007279B3 /* view */ = {
			isa = PBXGroup;
			children = (
				3C9A41252B98E2F1007279B3 /* EntryView.swift */,
			);
			path = view;
			sourceTree = "<group>";
		};
		3C9A41272B98E37E007279B3 /* Globe */ = {
			isa = PBXGroup;
			children = (
				3C9A41282B98E38B007279B3 /* viewModel */,
				3C9A41292B98E39C007279B3 /* view */,
			);
			path = Globe;
			sourceTree = "<group>";
		};
		3C9A41282B98E38B007279B3 /* viewModel */ = {
			isa = PBXGroup;
			children = (
				3C9A412C2B98E3C0007279B3 /* GlobeViewModel.swift */,
			);
			path = viewModel;
			sourceTree = "<group>";
		};
		3C9A41292B98E39C007279B3 /* view */ = {
			isa = PBXGroup;
			children = (
				3C9A412A2B98E3B0007279B3 /* GlobeView.swift */,
			);
			path = view;
			sourceTree = "<group>";
		};
		3C9A412E2B99BF04007279B3 /* LocationManager */ = {
			isa = PBXGroup;
			children = (
				3C9A412F2B99BF1C007279B3 /* LocationManager.swift */,
			);
			path = LocationManager;
			sourceTree = "<group>";
		};
		3C9A41332B9B23EF007279B3 /* Extensions */ = {
			isa = PBXGroup;
			children = (
				3C9A41342B9B241B007279B3 /* CLLocationCoordinate2DCodable.swift */,
			);
			path = Extensions;
			sourceTree = "<group>";
		};
/* End PBXGroup section */

/* Begin PBXNativeTarget section */
		3C47F51D2B9077720094D308 /* Countries */ = {
			isa = PBXNativeTarget;
			buildConfigurationList = 3C47F52C2B9077730094D308 /* Build configuration list for PBXNativeTarget "Countries" */;
			buildPhases = (
				3C47F51A2B9077720094D308 /* Sources */,
				3C47F51B2B9077720094D308 /* Frameworks */,
				3C47F51C2B9077720094D308 /* Resources */,
			);
			buildRules = (
			);
			dependencies = (
			);
			name = Countries;
			productName = Countries;
			productReference = 3C47F51E2B9077720094D308 /* Countries.app */;
			productType = "com.apple.product-type.application";
		};
/* End PBXNativeTarget section */

/* Begin PBXProject section */
		3C47F5162B9077720094D308 /* Project object */ = {
			isa = PBXProject;
			attributes = {
				BuildIndependentTargetsInParallel = 1;
				LastSwiftUpdateCheck = 1520;
				LastUpgradeCheck = 1520;
				TargetAttributes = {
					3C47F51D2B9077720094D308 = {
						CreatedOnToolsVersion = 15.2;
					};
				};
			};
			buildConfigurationList = 3C47F5192B9077720094D308 /* Build configuration list for PBXProject "Countries" */;
			compatibilityVersion = "Xcode 14.0";
			developmentRegion = en;
			hasScannedForEncodings = 0;
			knownRegions = (
				en,
				Base,
			);
			mainGroup = 3C47F5152B9077720094D308;
			productRefGroup = 3C47F51F2B9077720094D308 /* Products */;
			projectDirPath = "";
			projectRoot = "";
			targets = (
				3C47F51D2B9077720094D308 /* Countries */,
			);
		};
/* End PBXProject section */

/* Begin PBXResourcesBuildPhase section */
		3C47F51C2B9077720094D308 /* Resources */ = {
			isa = PBXResourcesBuildPhase;
			buildActionMask = 2147483647;
			files = (
				3C47F5292B9077730094D308 /* Preview Assets.xcassets in Resources */,
				3C47F5262B9077730094D308 /* Assets.xcassets in Resources */,
			);
			runOnlyForDeploymentPostprocessing = 0;
		};
/* End PBXResourcesBuildPhase section */

/* Begin PBXSourcesBuildPhase section */
		3C47F51A2B9077720094D308 /* Sources */ = {
			isa = PBXSourcesBuildPhase;
			buildActionMask = 2147483647;
			files = (
				3C1F86362B90B09200B7C9B4 /* ContextManager.swift in Sources */,
				3C9A41302B99BF1C007279B3 /* LocationManager.swift in Sources */,
				3C2437B82B963C7B006BAA06 /* DetailView.swift in Sources */,
				3C9A41352B9B241B007279B3 /* CLLocationCoordinate2DCodable.swift in Sources */,
				3C2437B02B95E67C006BAA06 /* Currency.swift in Sources */,
				3C9A41322B99C4AA007279B3 /* Location.swift in Sources */,
				3C1F86222B907D0900B7C9B4 /* NetworkManager.swift in Sources */,
				3C9A412D2B98E3C0007279B3 /* GlobeViewModel.swift in Sources */,
				3C47F5242B9077720094D308 /* SearchView.swift in Sources */,
				3C1F86332B9084FA00B7C9B4 /* CountryName.swift in Sources */,
				3C47F5222B9077720094D308 /* CountriesApp.swift in Sources */,
				3C1F86312B9083C000B7C9B4 /* Flag.swift in Sources */,
				3C1F86252B907D7B00B7C9B4 /* Country.swift in Sources */,
				3C2437BF2B978BF7006BAA06 /* Coordinate.swift in Sources */,
				3C2437BA2B963C92006BAA06 /* DetailViewModel.swift in Sources */,
				3C9A41262B98E2F1007279B3 /* EntryView.swift in Sources */,
				3C9A412B2B98E3B0007279B3 /* GlobeView.swift in Sources */,
				3C1F862D2B9082CC00B7C9B4 /* Car.swift in Sources */,
				3C1F861E2B907CC500B7C9B4 /* SearchViewModel.swift in Sources */,
			);
			runOnlyForDeploymentPostprocessing = 0;
		};
/* End PBXSourcesBuildPhase section */

/* Begin XCBuildConfiguration section */
		3C47F52A2B9077730094D308 /* Debug */ = {
			isa = XCBuildConfiguration;
			buildSettings = {
				ALWAYS_SEARCH_USER_PATHS = NO;
				ASSETCATALOG_COMPILER_GENERATE_SWIFT_ASSET_SYMBOL_EXTENSIONS = YES;
				CLANG_ANALYZER_NONNULL = YES;
				CLANG_ANALYZER_NUMBER_OBJECT_CONVERSION = YES_AGGRESSIVE;
				CLANG_CXX_LANGUAGE_STANDARD = "gnu++20";
				CLANG_ENABLE_MODULES = YES;
				CLANG_ENABLE_OBJC_ARC = YES;
				CLANG_ENABLE_OBJC_WEAK = YES;
				CLANG_WARN_BLOCK_CAPTURE_AUTORELEASING = YES;
				CLANG_WARN_BOOL_CONVERSION = YES;
				CLANG_WARN_COMMA = YES;
				CLANG_WARN_CONSTANT_CONVERSION = YES;
				CLANG_WARN_DEPRECATED_OBJC_IMPLEMENTATIONS = YES;
				CLANG_WARN_DIRECT_OBJC_ISA_USAGE = YES_ERROR;
				CLANG_WARN_DOCUMENTATION_COMMENTS = YES;
				CLANG_WARN_EMPTY_BODY = YES;
				CLANG_WARN_ENUM_CONVERSION = YES;
				CLANG_WARN_INFINITE_RECURSION = YES;
				CLANG_WARN_INT_CONVERSION = YES;
				CLANG_WARN_NON_LITERAL_NULL_CONVERSION = YES;
				CLANG_WARN_OBJC_IMPLICIT_RETAIN_SELF = YES;
				CLANG_WARN_OBJC_LITERAL_CONVERSION = YES;
				CLANG_WARN_OBJC_ROOT_CLASS = YES_ERROR;
				CLANG_WARN_QUOTED_INCLUDE_IN_FRAMEWORK_HEADER = YES;
				CLANG_WARN_RANGE_LOOP_ANALYSIS = YES;
				CLANG_WARN_STRICT_PROTOTYPES = YES;
				CLANG_WARN_SUSPICIOUS_MOVE = YES;
				CLANG_WARN_UNGUARDED_AVAILABILITY = YES_AGGRESSIVE;
				CLANG_WARN_UNREACHABLE_CODE = YES;
				CLANG_WARN__DUPLICATE_METHOD_MATCH = YES;
				COPY_PHASE_STRIP = NO;
				DEBUG_INFORMATION_FORMAT = dwarf;
				ENABLE_STRICT_OBJC_MSGSEND = YES;
				ENABLE_TESTABILITY = YES;
				ENABLE_USER_SCRIPT_SANDBOXING = YES;
				GCC_C_LANGUAGE_STANDARD = gnu17;
				GCC_DYNAMIC_NO_PIC = NO;
				GCC_NO_COMMON_BLOCKS = YES;
				GCC_OPTIMIZATION_LEVEL = 0;
				GCC_PREPROCESSOR_DEFINITIONS = (
					"DEBUG=1",
					"$(inherited)",
				);
				GCC_WARN_64_TO_32_BIT_CONVERSION = YES;
				GCC_WARN_ABOUT_RETURN_TYPE = YES_ERROR;
				GCC_WARN_UNDECLARED_SELECTOR = YES;
				GCC_WARN_UNINITIALIZED_AUTOS = YES_AGGRESSIVE;
				GCC_WARN_UNUSED_FUNCTION = YES;
				GCC_WARN_UNUSED_VARIABLE = YES;
				IPHONEOS_DEPLOYMENT_TARGET = 17.2;
				LOCALIZATION_PREFERS_STRING_CATALOGS = YES;
				MTL_ENABLE_DEBUG_INFO = INCLUDE_SOURCE;
				MTL_FAST_MATH = YES;
				ONLY_ACTIVE_ARCH = YES;
				SDKROOT = iphoneos;
				SWIFT_ACTIVE_COMPILATION_CONDITIONS = "DEBUG $(inherited)";
				SWIFT_OPTIMIZATION_LEVEL = "-Onone";
			};
			name = Debug;
		};
		3C47F52B2B9077730094D308 /* Release */ = {
			isa = XCBuildConfiguration;
			buildSettings = {
				ALWAYS_SEARCH_USER_PATHS = NO;
				ASSETCATALOG_COMPILER_GENERATE_SWIFT_ASSET_SYMBOL_EXTENSIONS = YES;
				CLANG_ANALYZER_NONNULL = YES;
				CLANG_ANALYZER_NUMBER_OBJECT_CONVERSION = YES_AGGRESSIVE;
				CLANG_CXX_LANGUAGE_STANDARD = "gnu++20";
				CLANG_ENABLE_MODULES = YES;
				CLANG_ENABLE_OBJC_ARC = YES;
				CLANG_ENABLE_OBJC_WEAK = YES;
				CLANG_WARN_BLOCK_CAPTURE_AUTORELEASING = YES;
				CLANG_WARN_BOOL_CONVERSION = YES;
				CLANG_WARN_COMMA = YES;
				CLANG_WARN_CONSTANT_CONVERSION = YES;
				CLANG_WARN_DEPRECATED_OBJC_IMPLEMENTATIONS = YES;
				CLANG_WARN_DIRECT_OBJC_ISA_USAGE = YES_ERROR;
				CLANG_WARN_DOCUMENTATION_COMMENTS = YES;
				CLANG_WARN_EMPTY_BODY = YES;
				CLANG_WARN_ENUM_CONVERSION = YES;
				CLANG_WARN_INFINITE_RECURSION = YES;
				CLANG_WARN_INT_CONVERSION = YES;
				CLANG_WARN_NON_LITERAL_NULL_CONVERSION = YES;
				CLANG_WARN_OBJC_IMPLICIT_RETAIN_SELF = YES;
				CLANG_WARN_OBJC_LITERAL_CONVERSION = YES;
				CLANG_WARN_OBJC_ROOT_CLASS = YES_ERROR;
				CLANG_WARN_QUOTED_INCLUDE_IN_FRAMEWORK_HEADER = YES;
				CLANG_WARN_RANGE_LOOP_ANALYSIS = YES;
				CLANG_WARN_STRICT_PROTOTYPES = YES;
				CLANG_WARN_SUSPICIOUS_MOVE = YES;
				CLANG_WARN_UNGUARDED_AVAILABILITY = YES_AGGRESSIVE;
				CLANG_WARN_UNREACHABLE_CODE = YES;
				CLANG_WARN__DUPLICATE_METHOD_MATCH = YES;
				COPY_PHASE_STRIP = NO;
				DEBUG_INFORMATION_FORMAT = "dwarf-with-dsym";
				ENABLE_NS_ASSERTIONS = NO;
				ENABLE_STRICT_OBJC_MSGSEND = YES;
				ENABLE_USER_SCRIPT_SANDBOXING = YES;
				GCC_C_LANGUAGE_STANDARD = gnu17;
				GCC_NO_COMMON_BLOCKS = YES;
				GCC_WARN_64_TO_32_BIT_CONVERSION = YES;
				GCC_WARN_ABOUT_RETURN_TYPE = YES_ERROR;
				GCC_WARN_UNDECLARED_SELECTOR = YES;
				GCC_WARN_UNINITIALIZED_AUTOS = YES_AGGRESSIVE;
				GCC_WARN_UNUSED_FUNCTION = YES;
				GCC_WARN_UNUSED_VARIABLE = YES;
				IPHONEOS_DEPLOYMENT_TARGET = 17.2;
				LOCALIZATION_PREFERS_STRING_CATALOGS = YES;
				MTL_ENABLE_DEBUG_INFO = NO;
				MTL_FAST_MATH = YES;
				SDKROOT = iphoneos;
				SWIFT_COMPILATION_MODE = wholemodule;
				VALIDATE_PRODUCT = YES;
			};
			name = Release;
		};
		3C47F52D2B9077730094D308 /* Debug */ = {
			isa = XCBuildConfiguration;
			buildSettings = {
				ASSETCATALOG_COMPILER_APPICON_NAME = AppIcon;
				ASSETCATALOG_COMPILER_GLOBAL_ACCENT_COLOR_NAME = AccentColor;
				CODE_SIGN_STYLE = Automatic;
				CURRENT_PROJECT_VERSION = 1;
				DEVELOPMENT_ASSET_PATHS = "\"Countries/Preview Content\"";
				DEVELOPMENT_TEAM = MRF492JZG4;
				ENABLE_PREVIEWS = YES;
				GENERATE_INFOPLIST_FILE = YES;
				INFOPLIST_KEY_NSLocationWhenInUseUsageDescription = "To show current location";
				INFOPLIST_KEY_UIApplicationSceneManifest_Generation = YES;
				INFOPLIST_KEY_UIApplicationSupportsIndirectInputEvents = YES;
				INFOPLIST_KEY_UILaunchScreen_Generation = YES;
				INFOPLIST_KEY_UISupportedInterfaceOrientations_iPad = "UIInterfaceOrientationPortrait UIInterfaceOrientationPortraitUpsideDown UIInterfaceOrientationLandscapeLeft UIInterfaceOrientationLandscapeRight";
				INFOPLIST_KEY_UISupportedInterfaceOrientations_iPhone = "UIInterfaceOrientationPortrait UIInterfaceOrientationLandscapeLeft UIInterfaceOrientationLandscapeRight";
				LD_RUNPATH_SEARCH_PATHS = (
					"$(inherited)",
					"@executable_path/Frameworks",
				);
				MARKETING_VERSION = 1.0;
				PRODUCT_BUNDLE_IDENTIFIER = AnatolShum.icloud.com.Countries;
				PRODUCT_NAME = "$(TARGET_NAME)";
				SWIFT_EMIT_LOC_STRINGS = YES;
				SWIFT_VERSION = 5.0;
				TARGETED_DEVICE_FAMILY = "1,2";
			};
			name = Debug;
		};
		3C47F52E2B9077730094D308 /* Release */ = {
			isa = XCBuildConfiguration;
			buildSettings = {
				ASSETCATALOG_COMPILER_APPICON_NAME = AppIcon;
				ASSETCATALOG_COMPILER_GLOBAL_ACCENT_COLOR_NAME = AccentColor;
				CODE_SIGN_STYLE = Automatic;
				CURRENT_PROJECT_VERSION = 1;
				DEVELOPMENT_ASSET_PATHS = "\"Countries/Preview Content\"";
				DEVELOPMENT_TEAM = MRF492JZG4;
				ENABLE_PREVIEWS = YES;
				GENERATE_INFOPLIST_FILE = YES;
				INFOPLIST_KEY_NSLocationWhenInUseUsageDescription = "To show current location";
				INFOPLIST_KEY_UIApplicationSceneManifest_Generation = YES;
				INFOPLIST_KEY_UIApplicationSupportsIndirectInputEvents = YES;
				INFOPLIST_KEY_UILaunchScreen_Generation = YES;
				INFOPLIST_KEY_UISupportedInterfaceOrientations_iPad = "UIInterfaceOrientationPortrait UIInterfaceOrientationPortraitUpsideDown UIInterfaceOrientationLandscapeLeft UIInterfaceOrientationLandscapeRight";
				INFOPLIST_KEY_UISupportedInterfaceOrientations_iPhone = "UIInterfaceOrientationPortrait UIInterfaceOrientationLandscapeLeft UIInterfaceOrientationLandscapeRight";
				LD_RUNPATH_SEARCH_PATHS = (
					"$(inherited)",
					"@executable_path/Frameworks",
				);
				MARKETING_VERSION = 1.0;
				PRODUCT_BUNDLE_IDENTIFIER = AnatolShum.icloud.com.Countries;
				PRODUCT_NAME = "$(TARGET_NAME)";
				SWIFT_EMIT_LOC_STRINGS = YES;
				SWIFT_VERSION = 5.0;
				TARGETED_DEVICE_FAMILY = "1,2";
			};
			name = Release;
		};
/* End XCBuildConfiguration section */

/* Begin XCConfigurationList section */
		3C47F5192B9077720094D308 /* Build configuration list for PBXProject "Countries" */ = {
			isa = XCConfigurationList;
			buildConfigurations = (
				3C47F52A2B9077730094D308 /* Debug */,
				3C47F52B2B9077730094D308 /* Release */,
			);
			defaultConfigurationIsVisible = 0;
			defaultConfigurationName = Release;
		};
		3C47F52C2B9077730094D308 /* Build configuration list for PBXNativeTarget "Countries" */ = {
			isa = XCConfigurationList;
			buildConfigurations = (
				3C47F52D2B9077730094D308 /* Debug */,
				3C47F52E2B9077730094D308 /* Release */,
			);
			defaultConfigurationIsVisible = 0;
			defaultConfigurationName = Release;
		};
/* End XCConfigurationList section */
	};
	rootObject = 3C47F5162B9077720094D308 /* Project object */;
}
